// !$*UTF8*$!
{
	archiveVersion = 1;
	classes = {
	};
	objectVersion = 46;
	objects = {

/* Begin PBXBuildFile section */
		F6FDCFE718D3D013001E76BB /* main.c in Sources */ = {isa = PBXBuildFile; fileRef = F6FDCFE618D3D013001E76BB /* main.c */; };
		F6FDCFE918D3D013001E76BB /* servidor.1 in CopyFiles */ = {isa = PBXBuildFile; fileRef = F6FDCFE818D3D013001E76BB /* servidor.1 */; };
/* End PBXBuildFile section */

/* Begin PBXCopyFilesBuildPhase section */
		F6FDCFE118D3D013001E76BB /* CopyFiles */ = {
			isa = PBXCopyFilesBuildPhase;
			buildActionMask = 2147483647;
			dstPath = /usr/share/man/man1/;
			dstSubfolderSpec = 0;
			files = (
				F6FDCFE918D3D013001E76BB /* servidor.1 in CopyFiles */,
			);
			runOnlyForDeploymentPostprocessing = 1;
		};
/* End PBXCopyFilesBuildPhase section */

/* Begin PBXFileReference section */
		F60A254C190B1006000374B6 /* listaFunctions.h */ = {isa = PBXFileReference; lastKnownFileType = sourcecode.c.h; path = listaFunctions.h; sourceTree = "<group>"; };
		F6164A1E1911612E0079E7A8 /* structsBalistica.h */ = {isa = PBXFileReference; lastKnownFileType = sourcecode.c.h; path = structsBalistica.h; sourceTree = "<group>"; };
		F6FDCFE318D3D013001E76BB /* servidor */ = {isa = PBXFileReference; explicitFileType = "compiled.mach-o.executable"; includeInIndex = 0; path = servidor; sourceTree = BUILT_PRODUCTS_DIR; };
		F6FDCFE618D3D013001E76BB /* main.c */ = {isa = PBXFileReference; lastKnownFileType = sourcecode.c.c; path = main.c; sourceTree = "<group>"; };
		F6FDCFE818D3D013001E76BB /* servidor.1 */ = {isa = PBXFileReference; lastKnownFileType = text.man; path = servidor.1; sourceTree = "<group>"; };
/* End PBXFileReference section */

/* Begin PBXFrameworksBuildPhase section */
		F6FDCFE018D3D013001E76BB /* Frameworks */ = {
			isa = PBXFrameworksBuildPhase;
			buildActionMask = 2147483647;
			files = (
			);
			runOnlyForDeploymentPostprocessing = 0;
		};
/* End PBXFrameworksBuildPhase section */

/* Begin PBXGroup section */
		F6FDCFDA18D3D013001E76BB = {
			isa = PBXGroup;
			children = (
				F6FDCFE518D3D013001E76BB /* servidor */,
				F6FDCFE418D3D013001E76BB /* Products */,
			);
			sourceTree = "<group>";
		};
		F6FDCFE418D3D013001E76BB /* Products */ = {
			isa = PBXGroup;
			children = (
				F6FDCFE318D3D013001E76BB /* servidor */,
			);
			name = Products;
			sourceTree = "<group>";
		};
		F6FDCFE518D3D013001E76BB /* servidor */ = {
			isa = PBXGroup;
			children = (
				F6FDCFE618D3D013001E76BB /* main.c */,
				F60A254C190B1006000374B6 /* listaFunctions.h */,
				F6164A1E1911612E0079E7A8 /* structsBalistica.h */,
				F6FDCFE818D3D013001E76BB /* servidor.1 */,
			);
			path = servidor;
			sourceTree = "<group>";
		};
/* End PBXGroup section */

/* Begin PBXNativeTarget section */
		F6FDCFE218D3D013001E76BB /* servidor */ = {
			isa = PBXNativeTarget;
			buildConfigurationList = F6FDCFEC18D3D013001E76BB /* Build configuration list for PBXNativeTarget "servidor" */;
			buildPhases = (
				F6FDCFDF18D3D013001E76BB /* Sources */,
				F6FDCFE018D3D013001E76BB /* Frameworks */,
				F6FDCFE118D3D013001E76BB /* CopyFiles */,
			);
			buildRules = (
			);
			dependencies = (
			);
			name = servidor;
			productName = servidor;
			productReference = F6FDCFE318D3D013001E76BB /* servidor */;
			productType = "com.apple.product-type.tool";
		};
/* End PBXNativeTarget section */

/* Begin PBXProject section */
		F6FDCFDB18D3D013001E76BB /* Project object */ = {
			isa = PBXProject;
			attributes = {
				LastUpgradeCheck = 0500;
				ORGANIZATIONNAME = "Alessandro Camillo Gimenez de Menezes";
			};
			buildConfigurationList = F6FDCFDE18D3D013001E76BB /* Build configuration list for PBXProject "servidor" */;
			compatibilityVersion = "Xcode 3.2";
			developmentRegion = English;
			hasScannedForEncodings = 0;
			knownRegions = (
				en,
			);
			mainGroup = F6FDCFDA18D3D013001E76BB;
			productRefGroup = F6FDCFE418D3D013001E76BB /* Products */;
			projectDirPath = "";
			projectRoot = "";
			targets = (
				F6FDCFE218D3D013001E76BB /* servidor */,
			);
		};
/* End PBXProject section */

/* Begin PBXSourcesBuildPhase section */
		F6FDCFDF18D3D013001E76BB /* Sources */ = {
			isa = PBXSourcesBuildPhase;
			buildActionMask = 2147483647;
			files = (
				F6FDCFE718D3D013001E76BB /* main.c in Sources */,
			);
			runOnlyForDeploymentPostprocessing = 0;
		};
/* End PBXSourcesBuildPhase section */

/* Begin XCBuildConfiguration section */
		F6FDCFEA18D3D013001E76BB /* Debug */ = {
			isa = XCBuildConfiguration;
			buildSettings = {
				ALWAYS_SEARCH_USER_PATHS = NO;
				CLANG_CXX_LANGUAGE_STANDARD = "gnu++0x";
				CLANG_CXX_LIBRARY = "libc++";
				CLANG_ENABLE_OBJC_ARC = YES;
				CLANG_WARN_BOOL_CONVERSION = YES;
				CLANG_WARN_CONSTANT_CONVERSION = YES;
				CLANG_WARN_DIRECT_OBJC_ISA_USAGE = YES_ERROR;
				CLANG_WARN_EMPTY_BODY = YES;
				CLANG_WARN_ENUM_CONVERSION = YES;
				CLANG_WARN_INT_CONVERSION = YES;
				CLANG_WARN_OBJC_ROOT_CLASS = YES_ERROR;
				CLANG_WARN__DUPLICATE_METHOD_MATCH = YES;
				COPY_PHASE_STRIP = NO;
				GCC_C_LANGUAGE_STANDARD = gnu99;
				GCC_DYNAMIC_NO_PIC = NO;
				GCC_ENABLE_OBJC_EXCEPTIONS = YES;
				GCC_OPTIMIZATION_LEVEL = 0;
				GCC_PREPROCESSOR_DEFINITIONS = (
					"DEBUG=1",
					"$(inherited)",
				);
				GCC_SYMBOLS_PRIVATE_EXTERN = NO;
				GCC_WARN_64_TO_32_BIT_CONVERSION = YES;
				GCC_WARN_ABOUT_RETURN_TYPE = YES_ERROR;
				GCC_WARN_UNDECLARED_SELECTOR = YES;
				GCC_WARN_UNINITIALIZED_AUTOS = YES;
				GCC_WARN_UNUSED_FUNCTION = YES;
				GCC_WARN_UNUSED_VARIABLE = YES;
				MACOSX_DEPLOYMENT_TARGET = 10.9;
				ONLY_ACTIVE_ARCH = YES;
				SDKROOT = macosx;
			};
			name = Debug;
		};
		F6FDCFEB18D3D013001E76BB /* Release */ = {
			isa = XCBuildConfiguration;
			buildSettings = {
				ALWAYS_SEARCH_USER_PATHS = NO;
				CLANG_CXX_LANGUAGE_STANDARD = "gnu++0x";
				CLANG_CXX_LIBRARY = "libc++";
				CLANG_ENABLE_OBJC_ARC = YES;
				CLANG_WARN_BOOL_CONVERSION = YES;
				CLANG_WARN_CONSTANT_CONVERSION = YES;
				CLANG_WARN_DIRECT_OBJC_ISA_USAGE = YES_ERROR;
				CLANG_WARN_EMPTY_BODY = YES;
				CLANG_WARN_ENUM_CONVERSION = YES;
				CLANG_WARN_INT_CONVERSION = YES;
				CLANG_WARN_OBJC_ROOT_CLASS = YES_ERROR;
				CLANG_WARN__DUPLICATE_METHOD_MATCH = YES;
				COPY_PHASE_STRIP = YES;
				DEBUG_INFORMATION_FORMAT = "dwarf-with-dsym";
				ENABLE_NS_ASSERTIONS = NO;
				GCC_C_LANGUAGE_STANDARD = gnu99;
				GCC_ENABLE_OBJC_EXCEPTIONS = YES;
				GCC_WARN_64_TO_32_BIT_CONVERSION = YES;
				GCC_WARN_ABOUT_RETURN_TYPE = YES_ERROR;
				GCC_WARN_UNDECLARED_SELECTOR = YES;
				GCC_WARN_UNINITIALIZED_AUTOS = YES;
				GCC_WARN_UNUSED_FUNCTION = YES;
				GCC_WARN_UNUSED_VARIABLE = YES;
				MACOSX_DEPLOYMENT_TARGET = 10.9;
				SDKROOT = macosx;
			};
			name = Release;
		};
		F6FDCFED18D3D013001E76BB /* Debug */ = {
			isa = XCBuildConfiguration;
			buildSettings = {
				PRODUCT_NAME = "$(TARGET_NAME)";
			};
			name = Debug;
		};
		F6FDCFEE18D3D013001E76BB /* Release */ = {
			isa = XCBuildConfiguration;
			buildSettings = {
				PRODUCT_NAME = "$(TARGET_NAME)";
			};
			name = Release;
		};
/* End XCBuildConfiguration section */

/* Begin XCConfigurationList section */
		F6FDCFDE18D3D013001E76BB /* Build configuration list for PBXProject "servidor" */ = {
			isa = XCConfigurationList;
			buildConfigurations = (
				F6FDCFEA18D3D013001E76BB /* Debug */,
				F6FDCFEB18D3D013001E76BB /* Release */,
			);
			defaultConfigurationIsVisible = 0;
			defaultConfigurationName = Release;
		};
		F6FDCFEC18D3D013001E76BB /* Build configuration list for PBXNativeTarget "servidor" */ = {
			isa = XCConfigurationList;
			buildConfigurations = (
				F6FDCFED18D3D013001E76BB /* Debug */,
				F6FDCFEE18D3D013001E76BB /* Release */,
			);
			defaultConfigurationIsVisible = 0;
			defaultConfigurationName = Release;
		};
/* End XCConfigurationList section */
	};
	rootObject = F6FDCFDB18D3D013001E76BB /* Project object */;
}
